# This file was autogenerated by Stack.
# You should not edit this file by hand.
# For more information, please see the documentation at:
#   https://docs.haskellstack.org/en/stable/lock_files

packages:
- completed:
    hackage: brick-0.70.1@sha256:1c83fa171c70b084927a6961da6dfb0b586063b743dce405dec3ac92fa7edaf1,16337
    pantry-tree:
      sha256: 67deafd5158cd00360ec9946e260cc0986b669e6111038b169ea73390734305a
      size: 6056
  original:
    hackage: brick-0.70.1
- completed:
    hackage: vty-5.38@sha256:c3b46c8072f92b61dad09dac45ede37f1a093836e14ac84ece6515a4d3222864,5628
    pantry-tree:
      sha256: b413c72281bb0f48eb0e4b45e272e3a18036ea91b4850315e8c2487ef719f9f3
      size: 3499
  original:
    hackage: vty-5.38
- completed:
    hackage: config-ini-0.2.7.0@sha256:2ae5a3e77ef16bffe9f2dd2b328cd79444cd1c193386007260aa6b0af0f957b2,3479
    pantry-tree:
      sha256: 628b89013c4e9de7eb1e335b9a06c3931cd416c7dbbae51d206e7380ba24ca3f
      size: 885
  original:
    hackage: config-ini-0.2.7.0
- completed:
    hackage: data-clist-0.2@sha256:47ad08ffa523b5fcdfd0e999ff57417a2e70b48e0ea79b84d7f8b9e6d1152225,1283
    pantry-tree:
      sha256: bf6627ec99fc8c3bee6d187984baf49d448e370363f0fe1074555aeb0d408d6c
      size: 353
  original:
    hackage: data-clist-0.2
- completed:
    hackage: text-zipper-0.13@sha256:e1a48d69c9324ed3784bc39d5ded84d63ea3115b32a018ddf76158ed9d58dc0a,1472
    pantry-tree:
      sha256: c8e30137f3b5aae8b21ada32551f5d879bdf56165c0b42548fb1832011a60c57
      size: 604
  original:
    hackage: text-zipper-0.13
- completed:
    hackage: word-wrap-0.5@sha256:721baf1dca2e4bb4cb5a6c2b7391ee1f5a6862cdfbf286bcb6083d5ac2cf421a,1534
    pantry-tree:
      sha256: 184dc1dea50a199d4bf593cf00d2bddc737b6fed96b65e5ae35a1dc6cf0fdc1e
      size: 423
  original:
    hackage: word-wrap-0.5
snapshots:
- completed:
    sha256: 5a59b2a405b3aba3c00188453be172b85893cab8ebc352b1ef58b0eae5d248a2
    size: 650475
    url: https://raw.githubusercontent.com/commercialhaskell/stackage-snapshots/master/lts/20/26.yaml
  original:
    url: https://raw.githubusercontent.com/commercialhaskell/stackage-snapshots/master/lts/20/26.yaml
